
Microsoft Visual Studio Solution File, Format Version 12.00
# Visual Studio Version 17
VisualStudioVersion = 17.8.34330.188
MinimumVisualStudioVersion = 10.0.40219.1
Project("{9A19103F-16F7-4668-BE54-9A1E7A4F7556}") = "hello_world_api_ui", "hello_world_api_ui\hello_world_api_ui.csproj", "{5F750619-4D98-4B35-A5F2-724FD99BBFBE}"
EndProject
Project("{9A19103F-16F7-4668-BE54-9A1E7A4F7556}") = "hello_world_cli", "hello_world_cli\hello_world_cli.csproj", "{5A5B585B-1AA8-4C47-A757-2361F0CE0C2B}"
EndProject
Project("{FAE04EC0-301F-11D3-BF4B-00C04F79EFBC}") = "HelloWebApi", "HelloWebApi\HelloWebApi.csproj", "{11AE250D-DCB8-4AE4-BFCC-702CCC92CB2C}"
EndProject
Global
	GlobalSection(SolutionConfigurationPlatforms) = preSolution
		Debug|Any CPU = Debug|Any CPU
		Release|Any CPU = Release|Any CPU
	EndGlobalSection
	GlobalSection(ProjectConfigurationPlatforms) = postSolution
		{5F750619-4D98-4B35-A5F2-724FD99BBFBE}.Debug|Any CPU.ActiveCfg = Debug|Any CPU
		{5F750619-4D98-4B35-A5F2-724FD99BBFBE}.Debug|Any CPU.Build.0 = Debug|Any CPU
		{5F750619-4D98-4B35-A5F2-724FD99BBFBE}.Release|Any CPU.ActiveCfg = Release|Any CPU
		{5F750619-4D98-4B35-A5F2-724FD99BBFBE}.Release|Any CPU.Build.0 = Release|Any CPU
		{5A5B585B-1AA8-4C47-A757-2361F0CE0C2B}.Debug|Any CPU.ActiveCfg = Debug|Any CPU
		{5A5B585B-1AA8-4C47-A757-2361F0CE0C2B}.Debug|Any CPU.Build.0 = Debug|Any CPU
		{5A5B585B-1AA8-4C47-A757-2361F0CE0C2B}.Release|Any CPU.ActiveCfg = Release|Any CPU
		{5A5B585B-1AA8-4C47-A757-2361F0CE0C2B}.Release|Any CPU.Build.0 = Release|Any CPU
		{11AE250D-DCB8-4AE4-BFCC-702CCC92CB2C}.Debug|Any CPU.ActiveCfg = Debug|Any CPU
		{11AE250D-DCB8-4AE4-BFCC-702CCC92CB2C}.Debug|Any CPU.Build.0 = Debug|Any CPU
		{11AE250D-DCB8-4AE4-BFCC-702CCC92CB2C}.Release|Any CPU.ActiveCfg = Release|Any CPU
		{11AE250D-DCB8-4AE4-BFCC-702CCC92CB2C}.Release|Any CPU.Build.0 = Release|Any CPU
	EndGlobalSection
	GlobalSection(SolutionProperties) = preSolution
		HideSolutionNode = FALSE
	EndGlobalSection
	GlobalSection(ExtensibilityGlobals) = postSolution
		SolutionGuid = {3BF009C1-4D3D-4D05-B233-AFBA850EB325}
	EndGlobalSection
EndGlobal
